
Microsoft Visual Studio Solution File, Format Version 12.00
Project("{FAE04EC0-301F-11D3-BF4B-00C04F79EFBC}") = "JuliaDotNet", "src\JuliaDotNet\JuliaDotNet.csproj", "{4640E611-6C0B-4780-868F-E39A9968810B}"
EndProject
Project("{FAE04EC0-301F-11D3-BF4B-00C04F79EFBC}") = "Sandbox", "src\Sandbox\Sandbox.csproj", "{662967E5-EBC7-46A1-B73A-6992145CD9A0}"
EndProject
Project("{FAE04EC0-301F-11D3-BF4B-00C04F79EFBC}") = "Testing", "src\Testing\Testing.csproj", "{11005383-B21B-402A-A235-8ABC09E1C6ED}"
EndProject
Global
	GlobalSection(SolutionConfigurationPlatforms) = preSolution
		Debug|Any CPU = Debug|Any CPU
		Release|Any CPU = Release|Any CPU
	EndGlobalSection
	GlobalSection(ProjectConfigurationPlatforms) = postSolution
		{4640E611-6C0B-4780-868F-E39A9968810B}.Debug|Any CPU.ActiveCfg = Debug|Any CPU
		{4640E611-6C0B-4780-868F-E39A9968810B}.Debug|Any CPU.Build.0 = Debug|Any CPU
		{4640E611-6C0B-4780-868F-E39A9968810B}.Release|Any CPU.ActiveCfg = Release|Any CPU
		{4640E611-6C0B-4780-868F-E39A9968810B}.Release|Any CPU.Build.0 = Release|Any CPU
		{662967E5-EBC7-46A1-B73A-6992145CD9A0}.Debug|Any CPU.ActiveCfg = Debug|Any CPU
		{662967E5-EBC7-46A1-B73A-6992145CD9A0}.Debug|Any CPU.Build.0 = Debug|Any CPU
		{662967E5-EBC7-46A1-B73A-6992145CD9A0}.Release|Any CPU.ActiveCfg = Release|Any CPU
		{662967E5-EBC7-46A1-B73A-6992145CD9A0}.Release|Any CPU.Build.0 = Release|Any CPU
		{11005383-B21B-402A-A235-8ABC09E1C6ED}.Debug|Any CPU.ActiveCfg = Debug|Any CPU
		{11005383-B21B-402A-A235-8ABC09E1C6ED}.Debug|Any CPU.Build.0 = Debug|Any CPU
		{11005383-B21B-402A-A235-8ABC09E1C6ED}.Release|Any CPU.ActiveCfg = Release|Any CPU
		{11005383-B21B-402A-A235-8ABC09E1C6ED}.Release|Any CPU.Build.0 = Release|Any CPU
	EndGlobalSection
EndGlobal
